
Microsoft Visual Studio Solution File, Format Version 12.00
# Visual Studio Version 16
VisualStudioVersion = 25.0.1705.2
MinimumVisualStudioVersion = 10.0.40219.1
Project("{FAE04EC0-301F-11D3-BF4B-00C04F79EFBC}") = "dotnet-login", "dotnet-login.csproj", "{675DD0DC-FF9B-46EE-AB16-BF9DA879AAE6}"
EndProject
Global
	GlobalSection(SolutionConfigurationPlatforms) = preSolution
		Debug|Any CPU = Debug|Any CPU
		Release|Any CPU = Release|Any CPU
	EndGlobalSection
	GlobalSection(ProjectConfigurationPlatforms) = postSolution
		{675DD0DC-FF9B-46EE-AB16-BF9DA879AAE6}.Debug|Any CPU.ActiveCfg = Debug|Any CPU
		{675DD0DC-FF9B-46EE-AB16-BF9DA879AAE6}.Debug|Any CPU.Build.0 = Debug|Any CPU
		{675DD0DC-FF9B-46EE-AB16-BF9DA879AAE6}.Release|Any CPU.ActiveCfg = Release|Any CPU
		{675DD0DC-FF9B-46EE-AB16-BF9DA879AAE6}.Release|Any CPU.Build.0 = Release|Any CPU
	EndGlobalSection
	GlobalSection(SolutionProperties) = preSolution
		HideSolutionNode = FALSE
	EndGlobalSection
	GlobalSection(ExtensibilityGlobals) = postSolution
		SolutionGuid = {F483B86F-18CB-4CEB-A6CF-57E5EDFE46C4}
	EndGlobalSection
EndGlobal
